
Microsoft Visual Studio Solution File, Format Version 12.00
# Visual Studio 14
VisualStudioVersion = 14.0.23107.0
MinimumVisualStudioVersion = 10.0.40219.1
Project("{FAE04EC0-301F-11D3-BF4B-00C04F79EFBC}") = "p01_HelloWorld", "p01_HelloWorld\p01_HelloWorld.csproj", "{0762D57C-2C16-428A-8162-9EBF144D0280}"
EndProject
Project("{FAE04EC0-301F-11D3-BF4B-00C04F79EFBC}") = "p02_UsePlaceholder", "p02_UsePlaceholder\p02_UsePlaceholder.csproj", "{ACC656B3-A90E-465D-900B-CFC98731F8CF}"
EndProject
Project("{FAE04EC0-301F-11D3-BF4B-00C04F79EFBC}") = "p03_UseVariable", "p03_UseVariable\p03_UseVariable.csproj", "{797B3EA6-751B-46CE-B8C6-C79FF642CF8B}"
EndProject
Project("{FAE04EC0-301F-11D3-BF4B-00C04F79EFBC}") = "p06_LinearRegression", "p06_LinearRegression\p06_LinearRegression.csproj", "{064E99FA-3E49-4830-BCC1-F958D3551A3D}"
EndProject
Project("{FAE04EC0-301F-11D3-BF4B-00C04F79EFBC}") = "p07_MNIST", "p07_MNIST\p07_MNIST.csproj", "{66D7C53E-BABE-44A1-8D6E-0CC6A09ADDA9}"
EndProject
Project("{FAE04EC0-301F-11D3-BF4B-00C04F79EFBC}") = "p04_InitVariable", "p04_InitVariable\p04_InitVariable.csproj", "{4095A501-115D-46A9-99B7-B5CBB8E4254F}"
EndProject
Project("{FAE04EC0-301F-11D3-BF4B-00C04F79EFBC}") = "p05_UseMatrix", "p05_UseMatrix\p05_UseMatrix.csproj", "{FC0A95E0-D4D3-4900-9BC3-A10DE5455B78}"
EndProject
Project("{FAE04EC0-301F-11D3-BF4B-00C04F79EFBC}") = "p99_Test", "p99_Test\p99_Test.csproj", "{22C6DFEE-D99E-42E8-92DE-1A2465D9E329}"
EndProject
Project("{FAE04EC0-301F-11D3-BF4B-00C04F79EFBC}") = "p08_UseTensor", "p08_UseTensor\p08_UseTensor.csproj", "{FA3EDE73-6152-49A8-9CF8-9A7C2B89E23B}"
EndProject
Project("{FAE04EC0-301F-11D3-BF4B-00C04F79EFBC}") = "p09_GenerateData", "p09_GenerateData\p09_GenerateData.csproj", "{35AD059C-DB3F-4760-A279-233276ECE8E9}"
EndProject
Project("{FAE04EC0-301F-11D3-BF4B-00C04F79EFBC}") = "p10_CalculateGradient", "p10_CalculateGradient\p10_CalculateGradient.csproj", "{E0491435-1DBD-4516-A972-BBB1C763CB35}"
EndProject
Project("{FAE04EC0-301F-11D3-BF4B-00C04F79EFBC}") = "p11_ReduceMethod", "p11_ReduceMethod\p11_ReduceMethod.csproj", "{3BA622EE-CFF7-4C95-BE25-8461A9FA76A4}"
EndProject
Project("{FAE04EC0-301F-11D3-BF4B-00C04F79EFBC}") = "p12_ClipMatrix", "p12_ClipMatrix\p12_ClipMatrix.csproj", "{BAF4D208-5A6E-44EC-9675-E013F991D9D5}"
EndProject
Project("{FAE04EC0-301F-11D3-BF4B-00C04F79EFBC}") = "p13_BitwiseOperation", "p13_BitwiseOperation\p13_BitwiseOperation.csproj", "{542378C1-406E-4B5D-B805-E0D009A5390D}"
EndProject
Project("{FAE04EC0-301F-11D3-BF4B-00C04F79EFBC}") = "p14_UseStack", "p14_UseStack\p14_UseStack.csproj", "{48E0620A-6358-42FB-92B8-69E832FAA684}"
EndProject
Project("{FAE04EC0-301F-11D3-BF4B-00C04F79EFBC}") = "p15_PartialRun", "p15_PartialRun\p15_PartialRun.csproj", "{562F2E7E-1A4C-4B87-B22D-0C5CB3942F60}"
EndProject
Project("{FAE04EC0-301F-11D3-BF4B-00C04F79EFBC}") = "p16_ModelSave", "p16_ModelSave\p16_ModelSave.csproj", "{0F7C1F34-F282-4EFD-87F9-DB3E85CBFC51}"
EndProject
Global
	GlobalSection(SolutionConfigurationPlatforms) = preSolution
		Debug|Any CPU = Debug|Any CPU
		Release|Any CPU = Release|Any CPU
	EndGlobalSection
	GlobalSection(ProjectConfigurationPlatforms) = postSolution
		{0762D57C-2C16-428A-8162-9EBF144D0280}.Debug|Any CPU.ActiveCfg = Debug|Any CPU
		{0762D57C-2C16-428A-8162-9EBF144D0280}.Debug|Any CPU.Build.0 = Debug|Any CPU
		{0762D57C-2C16-428A-8162-9EBF144D0280}.Release|Any CPU.ActiveCfg = Release|Any CPU
		{0762D57C-2C16-428A-8162-9EBF144D0280}.Release|Any CPU.Build.0 = Release|Any CPU
		{ACC656B3-A90E-465D-900B-CFC98731F8CF}.Debug|Any CPU.ActiveCfg = Debug|Any CPU
		{ACC656B3-A90E-465D-900B-CFC98731F8CF}.Debug|Any CPU.Build.0 = Debug|Any CPU
		{ACC656B3-A90E-465D-900B-CFC98731F8CF}.Release|Any CPU.ActiveCfg = Release|Any CPU
		{ACC656B3-A90E-465D-900B-CFC98731F8CF}.Release|Any CPU.Build.0 = Release|Any CPU
		{797B3EA6-751B-46CE-B8C6-C79FF642CF8B}.Debug|Any CPU.ActiveCfg = Debug|Any CPU
		{797B3EA6-751B-46CE-B8C6-C79FF642CF8B}.Debug|Any CPU.Build.0 = Debug|Any CPU
		{797B3EA6-751B-46CE-B8C6-C79FF642CF8B}.Release|Any CPU.ActiveCfg = Release|Any CPU
		{797B3EA6-751B-46CE-B8C6-C79FF642CF8B}.Release|Any CPU.Build.0 = Release|Any CPU
		{064E99FA-3E49-4830-BCC1-F958D3551A3D}.Debug|Any CPU.ActiveCfg = Debug|Any CPU
		{064E99FA-3E49-4830-BCC1-F958D3551A3D}.Debug|Any CPU.Build.0 = Debug|Any CPU
		{064E99FA-3E49-4830-BCC1-F958D3551A3D}.Release|Any CPU.ActiveCfg = Release|Any CPU
		{064E99FA-3E49-4830-BCC1-F958D3551A3D}.Release|Any CPU.Build.0 = Release|Any CPU
		{66D7C53E-BABE-44A1-8D6E-0CC6A09ADDA9}.Debug|Any CPU.ActiveCfg = Debug|Any CPU
		{66D7C53E-BABE-44A1-8D6E-0CC6A09ADDA9}.Debug|Any CPU.Build.0 = Debug|Any CPU
		{66D7C53E-BABE-44A1-8D6E-0CC6A09ADDA9}.Release|Any CPU.ActiveCfg = Release|Any CPU
		{66D7C53E-BABE-44A1-8D6E-0CC6A09ADDA9}.Release|Any CPU.Build.0 = Release|Any CPU
		{4095A501-115D-46A9-99B7-B5CBB8E4254F}.Debug|Any CPU.ActiveCfg = Debug|Any CPU
		{4095A501-115D-46A9-99B7-B5CBB8E4254F}.Debug|Any CPU.Build.0 = Debug|Any CPU
		{4095A501-115D-46A9-99B7-B5CBB8E4254F}.Release|Any CPU.ActiveCfg = Release|Any CPU
		{4095A501-115D-46A9-99B7-B5CBB8E4254F}.Release|Any CPU.Build.0 = Release|Any CPU
		{FC0A95E0-D4D3-4900-9BC3-A10DE5455B78}.Debug|Any CPU.ActiveCfg = Debug|Any CPU
		{FC0A95E0-D4D3-4900-9BC3-A10DE5455B78}.Debug|Any CPU.Build.0 = Debug|Any CPU
		{FC0A95E0-D4D3-4900-9BC3-A10DE5455B78}.Release|Any CPU.ActiveCfg = Release|Any CPU
		{FC0A95E0-D4D3-4900-9BC3-A10DE5455B78}.Release|Any CPU.Build.0 = Release|Any CPU
		{22C6DFEE-D99E-42E8-92DE-1A2465D9E329}.Debug|Any CPU.ActiveCfg = Debug|Any CPU
		{22C6DFEE-D99E-42E8-92DE-1A2465D9E329}.Debug|Any CPU.Build.0 = Debug|Any CPU
		{22C6DFEE-D99E-42E8-92DE-1A2465D9E329}.Release|Any CPU.ActiveCfg = Release|Any CPU
		{22C6DFEE-D99E-42E8-92DE-1A2465D9E329}.Release|Any CPU.Build.0 = Release|Any CPU
		{FA3EDE73-6152-49A8-9CF8-9A7C2B89E23B}.Debug|Any CPU.ActiveCfg = Debug|Any CPU
		{FA3EDE73-6152-49A8-9CF8-9A7C2B89E23B}.Debug|Any CPU.Build.0 = Debug|Any CPU
		{FA3EDE73-6152-49A8-9CF8-9A7C2B89E23B}.Release|Any CPU.ActiveCfg = Release|Any CPU
		{FA3EDE73-6152-49A8-9CF8-9A7C2B89E23B}.Release|Any CPU.Build.0 = Release|Any CPU
		{35AD059C-DB3F-4760-A279-233276ECE8E9}.Debug|Any CPU.ActiveCfg = Debug|Any CPU
		{35AD059C-DB3F-4760-A279-233276ECE8E9}.Debug|Any CPU.Build.0 = Debug|Any CPU
		{35AD059C-DB3F-4760-A279-233276ECE8E9}.Release|Any CPU.ActiveCfg = Release|Any CPU
		{35AD059C-DB3F-4760-A279-233276ECE8E9}.Release|Any CPU.Build.0 = Release|Any CPU
		{E0491435-1DBD-4516-A972-BBB1C763CB35}.Debug|Any CPU.ActiveCfg = Debug|Any CPU
		{E0491435-1DBD-4516-A972-BBB1C763CB35}.Debug|Any CPU.Build.0 = Debug|Any CPU
		{E0491435-1DBD-4516-A972-BBB1C763CB35}.Release|Any CPU.ActiveCfg = Release|Any CPU
		{E0491435-1DBD-4516-A972-BBB1C763CB35}.Release|Any CPU.Build.0 = Release|Any CPU
		{3BA622EE-CFF7-4C95-BE25-8461A9FA76A4}.Debug|Any CPU.ActiveCfg = Debug|Any CPU
		{3BA622EE-CFF7-4C95-BE25-8461A9FA76A4}.Debug|Any CPU.Build.0 = Debug|Any CPU
		{3BA622EE-CFF7-4C95-BE25-8461A9FA76A4}.Release|Any CPU.ActiveCfg = Release|Any CPU
		{3BA622EE-CFF7-4C95-BE25-8461A9FA76A4}.Release|Any CPU.Build.0 = Release|Any CPU
		{BAF4D208-5A6E-44EC-9675-E013F991D9D5}.Debug|Any CPU.ActiveCfg = Debug|Any CPU
		{BAF4D208-5A6E-44EC-9675-E013F991D9D5}.Debug|Any CPU.Build.0 = Debug|Any CPU
		{BAF4D208-5A6E-44EC-9675-E013F991D9D5}.Release|Any CPU.ActiveCfg = Release|Any CPU
		{BAF4D208-5A6E-44EC-9675-E013F991D9D5}.Release|Any CPU.Build.0 = Release|Any CPU
		{542378C1-406E-4B5D-B805-E0D009A5390D}.Debug|Any CPU.ActiveCfg = Debug|Any CPU
		{542378C1-406E-4B5D-B805-E0D009A5390D}.Debug|Any CPU.Build.0 = Debug|Any CPU
		{542378C1-406E-4B5D-B805-E0D009A5390D}.Release|Any CPU.ActiveCfg = Release|Any CPU
		{542378C1-406E-4B5D-B805-E0D009A5390D}.Release|Any CPU.Build.0 = Release|Any CPU
		{48E0620A-6358-42FB-92B8-69E832FAA684}.Debug|Any CPU.ActiveCfg = Debug|Any CPU
		{48E0620A-6358-42FB-92B8-69E832FAA684}.Debug|Any CPU.Build.0 = Debug|Any CPU
		{48E0620A-6358-42FB-92B8-69E832FAA684}.Release|Any CPU.ActiveCfg = Release|Any CPU
		{48E0620A-6358-42FB-92B8-69E832FAA684}.Release|Any CPU.Build.0 = Release|Any CPU
		{562F2E7E-1A4C-4B87-B22D-0C5CB3942F60}.Debug|Any CPU.ActiveCfg = Debug|Any CPU
		{562F2E7E-1A4C-4B87-B22D-0C5CB3942F60}.Debug|Any CPU.Build.0 = Debug|Any CPU
		{562F2E7E-1A4C-4B87-B22D-0C5CB3942F60}.Release|Any CPU.ActiveCfg = Release|Any CPU
		{562F2E7E-1A4C-4B87-B22D-0C5CB3942F60}.Release|Any CPU.Build.0 = Release|Any CPU
		{0F7C1F34-F282-4EFD-87F9-DB3E85CBFC51}.Debug|Any CPU.ActiveCfg = Debug|Any CPU
		{0F7C1F34-F282-4EFD-87F9-DB3E85CBFC51}.Debug|Any CPU.Build.0 = Debug|Any CPU
		{0F7C1F34-F282-4EFD-87F9-DB3E85CBFC51}.Release|Any CPU.ActiveCfg = Release|Any CPU
		{0F7C1F34-F282-4EFD-87F9-DB3E85CBFC51}.Release|Any CPU.Build.0 = Release|Any CPU
	EndGlobalSection
	GlobalSection(SolutionProperties) = preSolution
		HideSolutionNode = FALSE
	EndGlobalSection
EndGlobal
