
Microsoft Visual Studio Solution File, Format Version 12.00
# Visual Studio 14
VisualStudioVersion = 14.0.23107.0
MinimumVisualStudioVersion = 10.0.40219.1
Project("{FAE04EC0-301F-11D3-BF4B-00C04F79EFBC}") = "learn-tensorflow-sharp", "learn-tensorflow-sharp\learn-tensorflow-sharp.csproj", "{7DF197BC-E304-45A3-A7A5-FF1DA404D58F}"
EndProject
Global
	GlobalSection(SolutionConfigurationPlatforms) = preSolution
		Debug|Any CPU = Debug|Any CPU
		Release|Any CPU = Release|Any CPU
	EndGlobalSection
	GlobalSection(ProjectConfigurationPlatforms) = postSolution
		{7DF197BC-E304-45A3-A7A5-FF1DA404D58F}.Debug|Any CPU.ActiveCfg = Debug|Any CPU
		{7DF197BC-E304-45A3-A7A5-FF1DA404D58F}.Debug|Any CPU.Build.0 = Debug|Any CPU
		{7DF197BC-E304-45A3-A7A5-FF1DA404D58F}.Release|Any CPU.ActiveCfg = Release|Any CPU
		{7DF197BC-E304-45A3-A7A5-FF1DA404D58F}.Release|Any CPU.Build.0 = Release|Any CPU
	EndGlobalSection
	GlobalSection(SolutionProperties) = preSolution
		HideSolutionNode = FALSE
	EndGlobalSection
EndGlobal
